// !$*UTF8*$!
{
	archiveVersion = 1;
	classes = {
	};
	objectVersion = 46;
	objects = {

/* Begin PBXBuildFile section */
		36C70F3019C4FEA700D6D8D1 /* welcome.txt in Resources */ = {isa = PBXBuildFile; fileRef = 36C70F2F19C4FEA700D6D8D1 /* welcome.txt */; };
		36E37C0E19C4D1D700A9F379 /* HiHistoryTableViewController.m in Sources */ = {isa = PBXBuildFile; fileRef = 36E37C0D19C4D1D700A9F379 /* HiHistoryTableViewController.m */; };
		36F8B5B119C4955600A2C04A /* HiWelcomeViewController.m in Sources */ = {isa = PBXBuildFile; fileRef = 36F8B5B019C4955600A2C04A /* HiWelcomeViewController.m */; };
		36F8B5B419C4956100A2C04A /* HiInitialSetupViewController.m in Sources */ = {isa = PBXBuildFile; fileRef = 36F8B5B319C4956100A2C04A /* HiInitialSetupViewController.m */; };
		36F8B5B719C4956900A2C04A /* HiTodayViewController.m in Sources */ = {isa = PBXBuildFile; fileRef = 36F8B5B619C4956900A2C04A /* HiTodayViewController.m */; };
		4913A55419C3E3DD0038BADB /* Foundation.framework in Frameworks */ = {isa = PBXBuildFile; fileRef = 4913A55319C3E3DD0038BADB /* Foundation.framework */; };
		4913A55619C3E3DD0038BADB /* CoreGraphics.framework in Frameworks */ = {isa = PBXBuildFile; fileRef = 4913A55519C3E3DD0038BADB /* CoreGraphics.framework */; };
		4913A55819C3E3DD0038BADB /* UIKit.framework in Frameworks */ = {isa = PBXBuildFile; fileRef = 4913A55719C3E3DD0038BADB /* UIKit.framework */; };
		4913A55E19C3E3DD0038BADB /* InfoPlist.strings in Resources */ = {isa = PBXBuildFile; fileRef = 4913A55C19C3E3DD0038BADB /* InfoPlist.strings */; };
		4913A56019C3E3DD0038BADB /* main.m in Sources */ = {isa = PBXBuildFile; fileRef = 4913A55F19C3E3DD0038BADB /* main.m */; };
		4913A56419C3E3DD0038BADB /* HiAppDelegate.m in Sources */ = {isa = PBXBuildFile; fileRef = 4913A56319C3E3DD0038BADB /* HiAppDelegate.m */; };
		4913A56719C3E3DD0038BADB /* Main.storyboard in Resources */ = {isa = PBXBuildFile; fileRef = 4913A56519C3E3DD0038BADB /* Main.storyboard */; };
		4913A56C19C3E3DD0038BADB /* Images.xcassets in Resources */ = {isa = PBXBuildFile; fileRef = 4913A56B19C3E3DD0038BADB /* Images.xcassets */; };
		4913A57319C3E3DD0038BADB /* XCTest.framework in Frameworks */ = {isa = PBXBuildFile; fileRef = 4913A57219C3E3DD0038BADB /* XCTest.framework */; };
		4913A57419C3E3DD0038BADB /* Foundation.framework in Frameworks */ = {isa = PBXBuildFile; fileRef = 4913A55319C3E3DD0038BADB /* Foundation.framework */; };
		4913A57519C3E3DD0038BADB /* UIKit.framework in Frameworks */ = {isa = PBXBuildFile; fileRef = 4913A55719C3E3DD0038BADB /* UIKit.framework */; };
		4913A57D19C3E3DD0038BADB /* InfoPlist.strings in Resources */ = {isa = PBXBuildFile; fileRef = 4913A57B19C3E3DD0038BADB /* InfoPlist.strings */; };
		4913A57F19C3E3DD0038BADB /* HidrateTests.m in Sources */ = {isa = PBXBuildFile; fileRef = 4913A57E19C3E3DD0038BADB /* HidrateTests.m */; };
		4913A58F19C4D1D90038BADB /* CoreData.framework in Frameworks */ = {isa = PBXBuildFile; fileRef = 4913A58E19C4D1D90038BADB /* CoreData.framework */; };
		4949967E19C4D47600A08B74 /* Model.xcdatamodeld in Sources */ = {isa = PBXBuildFile; fileRef = 4949967C19C4D47600A08B74 /* Model.xcdatamodeld */; };
		4949969619C5010400A08B74 /* User.m in Sources */ = {isa = PBXBuildFile; fileRef = 4949969519C5010400A08B74 /* User.m */; };
		4949969919C5010500A08B74 /* Day.m in Sources */ = {isa = PBXBuildFile; fileRef = 4949969819C5010500A08B74 /* Day.m */; };
		E9737090BE08456AA1185C29 /* libPods-Hidrate.a in Frameworks */ = {isa = PBXBuildFile; fileRef = C664E6135E1448D8B92FB127 /* libPods-Hidrate.a */; };
/* End PBXBuildFile section */

/* Begin PBXContainerItemProxy section */
		4913A57619C3E3DD0038BADB /* PBXContainerItemProxy */ = {
			isa = PBXContainerItemProxy;
			containerPortal = 4913A54819C3E3DD0038BADB /* Project object */;
			proxyType = 1;
			remoteGlobalIDString = 4913A54F19C3E3DD0038BADB;
			remoteInfo = Hidrate;
		};
/* End PBXContainerItemProxy section */

/* Begin PBXFileReference section */
		36C70F2F19C4FEA700D6D8D1 /* welcome.txt */ = {isa = PBXFileReference; fileEncoding = 4; lastKnownFileType = text; path = welcome.txt; sourceTree = "<group>"; };
		36E37C0C19C4D1D700A9F379 /* HiHistoryTableViewController.h */ = {isa = PBXFileReference; fileEncoding = 4; lastKnownFileType = sourcecode.c.h; path = HiHistoryTableViewController.h; sourceTree = "<group>"; };
		36E37C0D19C4D1D700A9F379 /* HiHistoryTableViewController.m */ = {isa = PBXFileReference; fileEncoding = 4; lastKnownFileType = sourcecode.c.objc; path = HiHistoryTableViewController.m; sourceTree = "<group>"; };
		36F8B5AF19C4955600A2C04A /* HiWelcomeViewController.h */ = {isa = PBXFileReference; fileEncoding = 4; lastKnownFileType = sourcecode.c.h; path = HiWelcomeViewController.h; sourceTree = "<group>"; };
		36F8B5B019C4955600A2C04A /* HiWelcomeViewController.m */ = {isa = PBXFileReference; fileEncoding = 4; lastKnownFileType = sourcecode.c.objc; path = HiWelcomeViewController.m; sourceTree = "<group>"; };
		36F8B5B219C4956100A2C04A /* HiInitialSetupViewController.h */ = {isa = PBXFileReference; fileEncoding = 4; lastKnownFileType = sourcecode.c.h; path = HiInitialSetupViewController.h; sourceTree = "<group>"; };
		36F8B5B319C4956100A2C04A /* HiInitialSetupViewController.m */ = {isa = PBXFileReference; fileEncoding = 4; lastKnownFileType = sourcecode.c.objc; path = HiInitialSetupViewController.m; sourceTree = "<group>"; };
		36F8B5B519C4956900A2C04A /* HiTodayViewController.h */ = {isa = PBXFileReference; fileEncoding = 4; lastKnownFileType = sourcecode.c.h; path = HiTodayViewController.h; sourceTree = "<group>"; };
		36F8B5B619C4956900A2C04A /* HiTodayViewController.m */ = {isa = PBXFileReference; fileEncoding = 4; lastKnownFileType = sourcecode.c.objc; path = HiTodayViewController.m; sourceTree = "<group>"; };
		4913A55019C3E3DD0038BADB /* Hidrate.app */ = {isa = PBXFileReference; explicitFileType = wrapper.application; includeInIndex = 0; path = Hidrate.app; sourceTree = BUILT_PRODUCTS_DIR; };
		4913A55319C3E3DD0038BADB /* Foundation.framework */ = {isa = PBXFileReference; lastKnownFileType = wrapper.framework; name = Foundation.framework; path = System/Library/Frameworks/Foundation.framework; sourceTree = SDKROOT; };
		4913A55519C3E3DD0038BADB /* CoreGraphics.framework */ = {isa = PBXFileReference; lastKnownFileType = wrapper.framework; name = CoreGraphics.framework; path = System/Library/Frameworks/CoreGraphics.framework; sourceTree = SDKROOT; };
		4913A55719C3E3DD0038BADB /* UIKit.framework */ = {isa = PBXFileReference; lastKnownFileType = wrapper.framework; name = UIKit.framework; path = System/Library/Frameworks/UIKit.framework; sourceTree = SDKROOT; };
		4913A55B19C3E3DD0038BADB /* Hidrate-Info.plist */ = {isa = PBXFileReference; lastKnownFileType = text.plist.xml; path = "Hidrate-Info.plist"; sourceTree = "<group>"; };
		4913A55D19C3E3DD0038BADB /* en */ = {isa = PBXFileReference; lastKnownFileType = text.plist.strings; name = en; path = en.lproj/InfoPlist.strings; sourceTree = "<group>"; };
		4913A55F19C3E3DD0038BADB /* main.m */ = {isa = PBXFileReference; lastKnownFileType = sourcecode.c.objc; path = main.m; sourceTree = "<group>"; };
		4913A56119C3E3DD0038BADB /* Hidrate-Prefix.pch */ = {isa = PBXFileReference; lastKnownFileType = sourcecode.c.h; path = "Hidrate-Prefix.pch"; sourceTree = "<group>"; };
		4913A56219C3E3DD0038BADB /* HiAppDelegate.h */ = {isa = PBXFileReference; lastKnownFileType = sourcecode.c.h; path = HiAppDelegate.h; sourceTree = "<group>"; };
		4913A56319C3E3DD0038BADB /* HiAppDelegate.m */ = {isa = PBXFileReference; lastKnownFileType = sourcecode.c.objc; path = HiAppDelegate.m; sourceTree = "<group>"; };
		4913A56619C3E3DD0038BADB /* Base */ = {isa = PBXFileReference; lastKnownFileType = file.storyboard; name = Base; path = Base.lproj/Main.storyboard; sourceTree = "<group>"; };
		4913A56B19C3E3DD0038BADB /* Images.xcassets */ = {isa = PBXFileReference; lastKnownFileType = folder.assetcatalog; path = Images.xcassets; sourceTree = "<group>"; };
		4913A57119C3E3DD0038BADB /* HidrateTests.xctest */ = {isa = PBXFileReference; explicitFileType = wrapper.cfbundle; includeInIndex = 0; path = HidrateTests.xctest; sourceTree = BUILT_PRODUCTS_DIR; };
		4913A57219C3E3DD0038BADB /* XCTest.framework */ = {isa = PBXFileReference; lastKnownFileType = wrapper.framework; name = XCTest.framework; path = Library/Frameworks/XCTest.framework; sourceTree = DEVELOPER_DIR; };
		4913A57A19C3E3DD0038BADB /* HidrateTests-Info.plist */ = {isa = PBXFileReference; lastKnownFileType = text.plist.xml; path = "HidrateTests-Info.plist"; sourceTree = "<group>"; };
		4913A57C19C3E3DD0038BADB /* en */ = {isa = PBXFileReference; lastKnownFileType = text.plist.strings; name = en; path = en.lproj/InfoPlist.strings; sourceTree = "<group>"; };
		4913A57E19C3E3DD0038BADB /* HidrateTests.m */ = {isa = PBXFileReference; lastKnownFileType = sourcecode.c.objc; path = HidrateTests.m; sourceTree = "<group>"; };
		4913A58E19C4D1D90038BADB /* CoreData.framework */ = {isa = PBXFileReference; lastKnownFileType = wrapper.framework; name = CoreData.framework; path = System/Library/Frameworks/CoreData.framework; sourceTree = SDKROOT; };
		4949967D19C4D47600A08B74 /* Model.xcdatamodel */ = {isa = PBXFileReference; lastKnownFileType = wrapper.xcdatamodel; path = Model.xcdatamodel; sourceTree = "<group>"; };
		4949969419C5010400A08B74 /* User.h */ = {isa = PBXFileReference; fileEncoding = 4; lastKnownFileType = sourcecode.c.h; path = User.h; sourceTree = "<group>"; };
		4949969519C5010400A08B74 /* User.m */ = {isa = PBXFileReference; fileEncoding = 4; lastKnownFileType = sourcecode.c.objc; path = User.m; sourceTree = "<group>"; };
		4949969719C5010500A08B74 /* Day.h */ = {isa = PBXFileReference; fileEncoding = 4; lastKnownFileType = sourcecode.c.h; path = Day.h; sourceTree = "<group>"; };
		4949969819C5010500A08B74 /* Day.m */ = {isa = PBXFileReference; fileEncoding = 4; lastKnownFileType = sourcecode.c.objc; path = Day.m; sourceTree = "<group>"; };
		9C3806761486433E86D24C84 /* Pods-Hidrate.xcconfig */ = {isa = PBXFileReference; includeInIndex = 1; lastKnownFileType = text.xcconfig; name = "Pods-Hidrate.xcconfig"; path = "Pods/Pods-Hidrate.xcconfig"; sourceTree = "<group>"; };
		C664E6135E1448D8B92FB127 /* libPods-Hidrate.a */ = {isa = PBXFileReference; explicitFileType = archive.ar; includeInIndex = 0; path = "libPods-Hidrate.a"; sourceTree = BUILT_PRODUCTS_DIR; };
/* End PBXFileReference section */

/* Begin PBXFrameworksBuildPhase section */
		4913A54D19C3E3DD0038BADB /* Frameworks */ = {
			isa = PBXFrameworksBuildPhase;
			buildActionMask = 2147483647;
			files = (
				4913A58F19C4D1D90038BADB /* CoreData.framework in Frameworks */,
				4913A55619C3E3DD0038BADB /* CoreGraphics.framework in Frameworks */,
				4913A55819C3E3DD0038BADB /* UIKit.framework in Frameworks */,
				4913A55419C3E3DD0038BADB /* Foundation.framework in Frameworks */,
				E9737090BE08456AA1185C29 /* libPods-Hidrate.a in Frameworks */,
			);
			runOnlyForDeploymentPostprocessing = 0;
		};
		4913A56E19C3E3DD0038BADB /* Frameworks */ = {
			isa = PBXFrameworksBuildPhase;
			buildActionMask = 2147483647;
			files = (
				4913A57319C3E3DD0038BADB /* XCTest.framework in Frameworks */,
				4913A57519C3E3DD0038BADB /* UIKit.framework in Frameworks */,
				4913A57419C3E3DD0038BADB /* Foundation.framework in Frameworks */,
			);
			runOnlyForDeploymentPostprocessing = 0;
		};
/* End PBXFrameworksBuildPhase section */

/* Begin PBXGroup section */
		36F8B5AA19C4948100A2C04A /* App Delegate */ = {
			isa = PBXGroup;
			children = (
				4913A56219C3E3DD0038BADB /* HiAppDelegate.h */,
				4913A56319C3E3DD0038BADB /* HiAppDelegate.m */,
			);
			path = "App Delegate";
			sourceTree = "<group>";
		};
		36F8B5AB19C4949700A2C04A /* Views */ = {
			isa = PBXGroup;
			children = (
				4913A56519C3E3DD0038BADB /* Main.storyboard */,
			);
			path = Views;
			sourceTree = "<group>";
		};
		36F8B5AC19C494A200A2C04A /* Controllers */ = {
			isa = PBXGroup;
			children = (
				36F8B5AF19C4955600A2C04A /* HiWelcomeViewController.h */,
				36F8B5B019C4955600A2C04A /* HiWelcomeViewController.m */,
				36F8B5B219C4956100A2C04A /* HiInitialSetupViewController.h */,
				36F8B5B319C4956100A2C04A /* HiInitialSetupViewController.m */,
				36F8B5B519C4956900A2C04A /* HiTodayViewController.h */,
				36F8B5B619C4956900A2C04A /* HiTodayViewController.m */,
				36E37C0C19C4D1D700A9F379 /* HiHistoryTableViewController.h */,
				36E37C0D19C4D1D700A9F379 /* HiHistoryTableViewController.m */,
			);
			path = Controllers;
			sourceTree = "<group>";
		};
		36F8B5AD19C494AA00A2C04A /* Models */ = {
			isa = PBXGroup;
			children = (
				4949967C19C4D47600A08B74 /* Model.xcdatamodeld */,
				4949969719C5010500A08B74 /* Day.h */,
				4949969819C5010500A08B74 /* Day.m */,
				4949969419C5010400A08B74 /* User.h */,
				4949969519C5010400A08B74 /* User.m */,
			);
			path = Models;
			sourceTree = "<group>";
		};
		36F8B5AE19C494B400A2C04A /* Resources */ = {
			isa = PBXGroup;
			children = (
				36C70F2F19C4FEA700D6D8D1 /* welcome.txt */,
			);
			path = Resources;
			sourceTree = "<group>";
		};
		4913A54719C3E3DD0038BADB = {
			isa = PBXGroup;
			children = (
				4913A55919C3E3DD0038BADB /* Hidrate */,
				4913A57819C3E3DD0038BADB /* HidrateTests */,
				4913A55219C3E3DD0038BADB /* Frameworks */,
				4913A55119C3E3DD0038BADB /* Products */,
				9C3806761486433E86D24C84 /* Pods-Hidrate.xcconfig */,
			);
			sourceTree = "<group>";
		};
		4913A55119C3E3DD0038BADB /* Products */ = {
			isa = PBXGroup;
			children = (
				4913A55019C3E3DD0038BADB /* Hidrate.app */,
				4913A57119C3E3DD0038BADB /* HidrateTests.xctest */,
			);
			name = Products;
			sourceTree = "<group>";
		};
		4913A55219C3E3DD0038BADB /* Frameworks */ = {
			isa = PBXGroup;
			children = (
				4913A58E19C4D1D90038BADB /* CoreData.framework */,
				4913A55319C3E3DD0038BADB /* Foundation.framework */,
				4913A55519C3E3DD0038BADB /* CoreGraphics.framework */,
				4913A55719C3E3DD0038BADB /* UIKit.framework */,
				4913A57219C3E3DD0038BADB /* XCTest.framework */,
				C664E6135E1448D8B92FB127 /* libPods-Hidrate.a */,
			);
			name = Frameworks;
			sourceTree = "<group>";
		};
		4913A55919C3E3DD0038BADB /* Hidrate */ = {
			isa = PBXGroup;
			children = (
				36F8B5AB19C4949700A2C04A /* Views */,
				36F8B5AD19C494AA00A2C04A /* Models */,
				36F8B5AC19C494A200A2C04A /* Controllers */,
				36F8B5AA19C4948100A2C04A /* App Delegate */,
				36F8B5AE19C494B400A2C04A /* Resources */,
				4913A56B19C3E3DD0038BADB /* Images.xcassets */,
				4913A55A19C3E3DD0038BADB /* Supporting Files */,
			);
			path = Hidrate;
			sourceTree = "<group>";
		};
		4913A55A19C3E3DD0038BADB /* Supporting Files */ = {
			isa = PBXGroup;
			children = (
				4913A55B19C3E3DD0038BADB /* Hidrate-Info.plist */,
				4913A55C19C3E3DD0038BADB /* InfoPlist.strings */,
				4913A55F19C3E3DD0038BADB /* main.m */,
				4913A56119C3E3DD0038BADB /* Hidrate-Prefix.pch */,
			);
			path = "Supporting Files";
			sourceTree = "<group>";
		};
		4913A57819C3E3DD0038BADB /* HidrateTests */ = {
			isa = PBXGroup;
			children = (
				4913A57E19C3E3DD0038BADB /* HidrateTests.m */,
				4913A57919C3E3DD0038BADB /* Supporting Files */,
			);
			path = HidrateTests;
			sourceTree = "<group>";
		};
		4913A57919C3E3DD0038BADB /* Supporting Files */ = {
			isa = PBXGroup;
			children = (
				4913A57A19C3E3DD0038BADB /* HidrateTests-Info.plist */,
				4913A57B19C3E3DD0038BADB /* InfoPlist.strings */,
			);
			path = "Supporting Files";
			sourceTree = "<group>";
		};
/* End PBXGroup section */

/* Begin PBXNativeTarget section */
		4913A54F19C3E3DD0038BADB /* Hidrate */ = {
			isa = PBXNativeTarget;
			buildConfigurationList = 4913A58219C3E3DD0038BADB /* Build configuration list for PBXNativeTarget "Hidrate" */;
			buildPhases = (
				DF3D05A3DB5047D6B25CB680 /* Check Pods Manifest.lock */,
				4913A54C19C3E3DD0038BADB /* Sources */,
				4913A54D19C3E3DD0038BADB /* Frameworks */,
				4913A54E19C3E3DD0038BADB /* Resources */,
				DDBC168F8EC54C1885EA970B /* Copy Pods Resources */,
				36F8B5BC19C496C600A2C04A /* Increment Build Number */,
				36F8B5BB19C496A800A2C04A /* Add Warnings for Code Smells */,
			);
			buildRules = (
			);
			dependencies = (
			);
			name = Hidrate;
			productName = Hidrate;
			productReference = 4913A55019C3E3DD0038BADB /* Hidrate.app */;
			productType = "com.apple.product-type.application";
		};
		4913A57019C3E3DD0038BADB /* HidrateTests */ = {
			isa = PBXNativeTarget;
			buildConfigurationList = 4913A58519C3E3DD0038BADB /* Build configuration list for PBXNativeTarget "HidrateTests" */;
			buildPhases = (
				4913A56D19C3E3DD0038BADB /* Sources */,
				4913A56E19C3E3DD0038BADB /* Frameworks */,
				4913A56F19C3E3DD0038BADB /* Resources */,
			);
			buildRules = (
			);
			dependencies = (
				4913A57719C3E3DD0038BADB /* PBXTargetDependency */,
			);
			name = HidrateTests;
			productName = HidrateTests;
			productReference = 4913A57119C3E3DD0038BADB /* HidrateTests.xctest */;
			productType = "com.apple.product-type.bundle.unit-test";
		};
/* End PBXNativeTarget section */

/* Begin PBXProject section */
		4913A54819C3E3DD0038BADB /* Project object */ = {
			isa = PBXProject;
			attributes = {
				CLASSPREFIX = Hi;
				LastUpgradeCheck = 0510;
				ORGANIZATIONNAME = Hidrate;
				TargetAttributes = {
					4913A57019C3E3DD0038BADB = {
						TestTargetID = 4913A54F19C3E3DD0038BADB;
					};
				};
			};
			buildConfigurationList = 4913A54B19C3E3DD0038BADB /* Build configuration list for PBXProject "Hidrate" */;
			compatibilityVersion = "Xcode 3.2";
			developmentRegion = English;
			hasScannedForEncodings = 0;
			knownRegions = (
				en,
				Base,
			);
			mainGroup = 4913A54719C3E3DD0038BADB;
			productRefGroup = 4913A55119C3E3DD0038BADB /* Products */;
			projectDirPath = "";
			projectRoot = "";
			targets = (
				4913A54F19C3E3DD0038BADB /* Hidrate */,
				4913A57019C3E3DD0038BADB /* HidrateTests */,
			);
		};
/* End PBXProject section */

/* Begin PBXResourcesBuildPhase section */
		4913A54E19C3E3DD0038BADB /* Resources */ = {
			isa = PBXResourcesBuildPhase;
			buildActionMask = 2147483647;
			files = (
				4913A56C19C3E3DD0038BADB /* Images.xcassets in Resources */,
				36C70F3019C4FEA700D6D8D1 /* welcome.txt in Resources */,
				4913A55E19C3E3DD0038BADB /* InfoPlist.strings in Resources */,
				4913A56719C3E3DD0038BADB /* Main.storyboard in Resources */,
			);
			runOnlyForDeploymentPostprocessing = 0;
		};
		4913A56F19C3E3DD0038BADB /* Resources */ = {
			isa = PBXResourcesBuildPhase;
			buildActionMask = 2147483647;
			files = (
				4913A57D19C3E3DD0038BADB /* InfoPlist.strings in Resources */,
			);
			runOnlyForDeploymentPostprocessing = 0;
		};
/* End PBXResourcesBuildPhase section */

/* Begin PBXShellScriptBuildPhase section */
		36F8B5BB19C496A800A2C04A /* Add Warnings for Code Smells */ = {
			isa = PBXShellScriptBuildPhase;
			buildActionMask = 2147483647;
			files = (
			);
			inputPaths = (
			);
			name = "Add Warnings for Code Smells";
			outputPaths = (
			);
			runOnlyForDeploymentPostprocessing = 0;
			shellPath = /bin/sh;
			shellScript = "KEYWORDS=\"TODO:|FIXME:|NSLog|error:nil|\\?\\?\\?:|\\!\\!\\!:\"\nfind \"${SRCROOT}/Hidrate\" \\( -name \"*.h\" -or -name \"*.m\" \\) -print0 | xargs -0 egrep --with-filename --line-number --only-matching \"($KEYWORDS).*\\$\" | perl -p -e \"s/($KEYWORDS)/ warning: \\$1/\"";
		};
		36F8B5BC19C496C600A2C04A /* Increment Build Number */ = {
			isa = PBXShellScriptBuildPhase;
			buildActionMask = 2147483647;
			files = (
			);
			inputPaths = (
			);
			name = "Increment Build Number";
			outputPaths = (
			);
			runOnlyForDeploymentPostprocessing = 0;
			shellPath = /bin/bash;
			shellScript = "buildNumber=$(/usr/libexec/PlistBuddy -c \"Print CFBundleVersion\" \"$INFOPLIST_FILE\")\nbuildNumber=$(($buildNumber + 1))\n/usr/libexec/PlistBuddy -c \"Set :CFBundleVersion $buildNumber\" \"$INFOPLIST_FILE\"";
		};
		DDBC168F8EC54C1885EA970B /* Copy Pods Resources */ = {
			isa = PBXShellScriptBuildPhase;
			buildActionMask = 2147483647;
			files = (
			);
			inputPaths = (
			);
			name = "Copy Pods Resources";
			outputPaths = (
			);
			runOnlyForDeploymentPostprocessing = 0;
			shellPath = /bin/sh;
			shellScript = "\"${SRCROOT}/Pods/Pods-Hidrate-resources.sh\"\n";
			showEnvVarsInLog = 0;
		};
		DF3D05A3DB5047D6B25CB680 /* Check Pods Manifest.lock */ = {
			isa = PBXShellScriptBuildPhase;
			buildActionMask = 2147483647;
			files = (
			);
			inputPaths = (
			);
			name = "Check Pods Manifest.lock";
			outputPaths = (
			);
			runOnlyForDeploymentPostprocessing = 0;
			shellPath = /bin/sh;
			shellScript = "diff \"${PODS_ROOT}/../Podfile.lock\" \"${PODS_ROOT}/Manifest.lock\" > /dev/null\nif [[ $? != 0 ]] ; then\n    cat << EOM\nerror: The sandbox is not in sync with the Podfile.lock. Run 'pod install' or update your CocoaPods installation.\nEOM\n    exit 1\nfi\n";
			showEnvVarsInLog = 0;
		};
/* End PBXShellScriptBuildPhase section */

/* Begin PBXSourcesBuildPhase section */
		4913A54C19C3E3DD0038BADB /* Sources */ = {
			isa = PBXSourcesBuildPhase;
			buildActionMask = 2147483647;
			files = (
				36F8B5B419C4956100A2C04A /* HiInitialSetupViewController.m in Sources */,
				36F8B5B719C4956900A2C04A /* HiTodayViewController.m in Sources */,
				4949969619C5010400A08B74 /* User.m in Sources */,
				4949969919C5010500A08B74 /* Day.m in Sources */,
				4913A56019C3E3DD0038BADB /* main.m in Sources */,
				36E37C0E19C4D1D700A9F379 /* HiHistoryTableViewController.m in Sources */,
				4949967E19C4D47600A08B74 /* Model.xcdatamodeld in Sources */,
				4913A56419C3E3DD0038BADB /* HiAppDelegate.m in Sources */,
				36F8B5B119C4955600A2C04A /* HiWelcomeViewController.m in Sources */,
			);
			runOnlyForDeploymentPostprocessing = 0;
		};
		4913A56D19C3E3DD0038BADB /* Sources */ = {
			isa = PBXSourcesBuildPhase;
			buildActionMask = 2147483647;
			files = (
				4913A57F19C3E3DD0038BADB /* HidrateTests.m in Sources */,
			);
			runOnlyForDeploymentPostprocessing = 0;
		};
/* End PBXSourcesBuildPhase section */

/* Begin PBXTargetDependency section */
		4913A57719C3E3DD0038BADB /* PBXTargetDependency */ = {
			isa = PBXTargetDependency;
			target = 4913A54F19C3E3DD0038BADB /* Hidrate */;
			targetProxy = 4913A57619C3E3DD0038BADB /* PBXContainerItemProxy */;
		};
/* End PBXTargetDependency section */

/* Begin PBXVariantGroup section */
		4913A55C19C3E3DD0038BADB /* InfoPlist.strings */ = {
			isa = PBXVariantGroup;
			children = (
				4913A55D19C3E3DD0038BADB /* en */,
			);
			name = InfoPlist.strings;
			sourceTree = "<group>";
		};
		4913A56519C3E3DD0038BADB /* Main.storyboard */ = {
			isa = PBXVariantGroup;
			children = (
				4913A56619C3E3DD0038BADB /* Base */,
			);
			name = Main.storyboard;
			sourceTree = "<group>";
		};
		4913A57B19C3E3DD0038BADB /* InfoPlist.strings */ = {
			isa = PBXVariantGroup;
			children = (
				4913A57C19C3E3DD0038BADB /* en */,
			);
			name = InfoPlist.strings;
			sourceTree = "<group>";
		};
/* End PBXVariantGroup section */

/* Begin XCBuildConfiguration section */
		4913A58019C3E3DD0038BADB /* Debug */ = {
			isa = XCBuildConfiguration;
			buildSettings = {
				ALWAYS_SEARCH_USER_PATHS = NO;
				CLANG_CXX_LANGUAGE_STANDARD = "gnu++0x";
				CLANG_CXX_LIBRARY = "libc++";
				CLANG_ENABLE_MODULES = YES;
				CLANG_ENABLE_OBJC_ARC = YES;
				CLANG_WARN_BOOL_CONVERSION = YES;
				CLANG_WARN_CONSTANT_CONVERSION = YES;
				CLANG_WARN_DIRECT_OBJC_ISA_USAGE = YES_ERROR;
				CLANG_WARN_EMPTY_BODY = YES;
				CLANG_WARN_ENUM_CONVERSION = YES;
				CLANG_WARN_INT_CONVERSION = YES;
				CLANG_WARN_OBJC_ROOT_CLASS = YES_ERROR;
				CLANG_WARN__DUPLICATE_METHOD_MATCH = YES;
				"CODE_SIGN_IDENTITY[sdk=iphoneos*]" = "iPhone Developer";
				COPY_PHASE_STRIP = NO;
				GCC_C_LANGUAGE_STANDARD = gnu99;
				GCC_DYNAMIC_NO_PIC = NO;
				GCC_OPTIMIZATION_LEVEL = 0;
				GCC_PREPROCESSOR_DEFINITIONS = (
					"DEBUG=1",
					"$(inherited)",
				);
				GCC_SYMBOLS_PRIVATE_EXTERN = NO;
				GCC_WARN_64_TO_32_BIT_CONVERSION = YES;
				GCC_WARN_ABOUT_RETURN_TYPE = YES_ERROR;
				GCC_WARN_UNDECLARED_SELECTOR = YES;
				GCC_WARN_UNINITIALIZED_AUTOS = YES_AGGRESSIVE;
				GCC_WARN_UNUSED_FUNCTION = YES;
				GCC_WARN_UNUSED_VARIABLE = YES;
				IPHONEOS_DEPLOYMENT_TARGET = 7.1;
				ONLY_ACTIVE_ARCH = YES;
				SDKROOT = iphoneos;
			};
			name = Debug;
		};
		4913A58119C3E3DD0038BADB /* Release */ = {
			isa = XCBuildConfiguration;
			buildSettings = {
				ALWAYS_SEARCH_USER_PATHS = NO;
				CLANG_CXX_LANGUAGE_STANDARD = "gnu++0x";
				CLANG_CXX_LIBRARY = "libc++";
				CLANG_ENABLE_MODULES = YES;
				CLANG_ENABLE_OBJC_ARC = YES;
				CLANG_WARN_BOOL_CONVERSION = YES;
				CLANG_WARN_CONSTANT_CONVERSION = YES;
				CLANG_WARN_DIRECT_OBJC_ISA_USAGE = YES_ERROR;
				CLANG_WARN_EMPTY_BODY = YES;
				CLANG_WARN_ENUM_CONVERSION = YES;
				CLANG_WARN_INT_CONVERSION = YES;
				CLANG_WARN_OBJC_ROOT_CLASS = YES_ERROR;
				CLANG_WARN__DUPLICATE_METHOD_MATCH = YES;
				"CODE_SIGN_IDENTITY[sdk=iphoneos*]" = "iPhone Developer";
				COPY_PHASE_STRIP = YES;
				ENABLE_NS_ASSERTIONS = NO;
				GCC_C_LANGUAGE_STANDARD = gnu99;
				GCC_WARN_64_TO_32_BIT_CONVERSION = YES;
				GCC_WARN_ABOUT_RETURN_TYPE = YES_ERROR;
				GCC_WARN_UNDECLARED_SELECTOR = YES;
				GCC_WARN_UNINITIALIZED_AUTOS = YES_AGGRESSIVE;
				GCC_WARN_UNUSED_FUNCTION = YES;
				GCC_WARN_UNUSED_VARIABLE = YES;
				IPHONEOS_DEPLOYMENT_TARGET = 7.1;
				SDKROOT = iphoneos;
				VALIDATE_PRODUCT = YES;
			};
			name = Release;
		};
		4913A58319C3E3DD0038BADB /* Debug */ = {
			isa = XCBuildConfiguration;
			baseConfigurationReference = 9C3806761486433E86D24C84 /* Pods-Hidrate.xcconfig */;
			buildSettings = {
				ASSETCATALOG_COMPILER_APPICON_NAME = AppIcon;
				ASSETCATALOG_COMPILER_LAUNCHIMAGE_NAME = LaunchImage;
				GCC_PRECOMPILE_PREFIX_HEADER = YES;
				GCC_PREFIX_HEADER = "Hidrate/Supporting Files/Hidrate-Prefix.pch";
				INFOPLIST_FILE = "Hidrate/Supporting Files/Hidrate-Info.plist";
				PRODUCT_NAME = "$(TARGET_NAME)";
				WRAPPER_EXTENSION = app;
			};
			name = Debug;
		};
		4913A58419C3E3DD0038BADB /* Release */ = {
			isa = XCBuildConfiguration;
			baseConfigurationReference = 9C3806761486433E86D24C84 /* Pods-Hidrate.xcconfig */;
			buildSettings = {
				ASSETCATALOG_COMPILER_APPICON_NAME = AppIcon;
				ASSETCATALOG_COMPILER_LAUNCHIMAGE_NAME = LaunchImage;
				GCC_PRECOMPILE_PREFIX_HEADER = YES;
				GCC_PREFIX_HEADER = "Hidrate/Supporting Files/Hidrate-Prefix.pch";
				INFOPLIST_FILE = "Hidrate/Supporting Files/Hidrate-Info.plist";
				PRODUCT_NAME = "$(TARGET_NAME)";
				WRAPPER_EXTENSION = app;
			};
			name = Release;
		};
		4913A58619C3E3DD0038BADB /* Debug */ = {
			isa = XCBuildConfiguration;
			buildSettings = {
				BUNDLE_LOADER = "$(BUILT_PRODUCTS_DIR)/Hidrate.app/Hidrate";
				FRAMEWORK_SEARCH_PATHS = (
					"$(SDKROOT)/Developer/Library/Frameworks",
					"$(inherited)",
					"$(DEVELOPER_FRAMEWORKS_DIR)",
				);
				GCC_PRECOMPILE_PREFIX_HEADER = YES;
				GCC_PREFIX_HEADER = "Hidrate/Supporting Files/Hidrate-Prefix.pch";
				GCC_PREPROCESSOR_DEFINITIONS = (
					"DEBUG=1",
					"$(inherited)",
				);
				INFOPLIST_FILE = "HidrateTests/Supporting Files/HidrateTests-Info.plist";
				PRODUCT_NAME = "$(TARGET_NAME)";
				TEST_HOST = "$(BUNDLE_LOADER)";
				WRAPPER_EXTENSION = xctest;
			};
			name = Debug;
		};
		4913A58719C3E3DD0038BADB /* Release */ = {
			isa = XCBuildConfiguration;
			buildSettings = {
				BUNDLE_LOADER = "$(BUILT_PRODUCTS_DIR)/Hidrate.app/Hidrate";
				FRAMEWORK_SEARCH_PATHS = (
					"$(SDKROOT)/Developer/Library/Frameworks",
					"$(inherited)",
					"$(DEVELOPER_FRAMEWORKS_DIR)",
				);
				GCC_PRECOMPILE_PREFIX_HEADER = YES;
				GCC_PREFIX_HEADER = "Hidrate/Supporting Files/Hidrate-Prefix.pch";
				INFOPLIST_FILE = "HidrateTests/Supporting Files/HidrateTests-Info.plist";
				PRODUCT_NAME = "$(TARGET_NAME)";
				TEST_HOST = "$(BUNDLE_LOADER)";
				WRAPPER_EXTENSION = xctest;
			};
			name = Release;
		};
/* End XCBuildConfiguration section */

/* Begin XCConfigurationList section */
		4913A54B19C3E3DD0038BADB /* Build configuration list for PBXProject "Hidrate" */ = {
			isa = XCConfigurationList;
			buildConfigurations = (
				4913A58019C3E3DD0038BADB /* Debug */,
				4913A58119C3E3DD0038BADB /* Release */,
			);
			defaultConfigurationIsVisible = 0;
			defaultConfigurationName = Release;
		};
		4913A58219C3E3DD0038BADB /* Build configuration list for PBXNativeTarget "Hidrate" */ = {
			isa = XCConfigurationList;
			buildConfigurations = (
				4913A58319C3E3DD0038BADB /* Debug */,
				4913A58419C3E3DD0038BADB /* Release */,
			);
			defaultConfigurationIsVisible = 0;
			defaultConfigurationName = Release;
		};
		4913A58519C3E3DD0038BADB /* Build configuration list for PBXNativeTarget "HidrateTests" */ = {
			isa = XCConfigurationList;
			buildConfigurations = (
				4913A58619C3E3DD0038BADB /* Debug */,
				4913A58719C3E3DD0038BADB /* Release */,
			);
			defaultConfigurationIsVisible = 0;
			defaultConfigurationName = Release;
		};
/* End XCConfigurationList section */

/* Begin XCVersionGroup section */
		4949967C19C4D47600A08B74 /* Model.xcdatamodeld */ = {
			isa = XCVersionGroup;
			children = (
				4949967D19C4D47600A08B74 /* Model.xcdatamodel */,
			);
			currentVersion = 4949967D19C4D47600A08B74 /* Model.xcdatamodel */;
			path = Model.xcdatamodeld;
			sourceTree = "<group>";
			versionGroupType = wrapper.xcdatamodel;
		};
/* End XCVersionGroup section */
	};
	rootObject = 4913A54819C3E3DD0038BADB /* Project object */;
}
